
Microsoft Visual Studio Solution File, Format Version 12.00
# Visual Studio Version 17
VisualStudioVersion = 17.14.36121.58 d17.14
MinimumVisualStudioVersion = 10.0.40219.1
Project("{FAE04EC0-301F-11D3-BF4B-00C04F79EFBC}") = "CasoGestionMatriculas", "CasoGestionMatriculas\CasoGestionMatriculas.csproj", "{1516F220-F528-46A0-8686-9AF4B3309102}"
EndProject
Global
	GlobalSection(SolutionConfigurationPlatforms) = preSolution
		Debug|Any CPU = Debug|Any CPU
		Release|Any CPU = Release|Any CPU
	EndGlobalSection
	GlobalSection(ProjectConfigurationPlatforms) = postSolution
		{1516F220-F528-46A0-8686-9AF4B3309102}.Debug|Any CPU.ActiveCfg = Debug|Any CPU
		{1516F220-F528-46A0-8686-9AF4B3309102}.Debug|Any CPU.Build.0 = Debug|Any CPU
		{1516F220-F528-46A0-8686-9AF4B3309102}.Release|Any CPU.ActiveCfg = Release|Any CPU
		{1516F220-F528-46A0-8686-9AF4B3309102}.Release|Any CPU.Build.0 = Release|Any CPU
	EndGlobalSection
	GlobalSection(SolutionProperties) = preSolution
		HideSolutionNode = FALSE
	EndGlobalSection
	GlobalSection(ExtensibilityGlobals) = postSolution
		SolutionGuid = {35191DE3-864F-4FEC-8A7A-38A28E0601AD}
	EndGlobalSection
EndGlobal
